
Microsoft Visual Studio Solution File, Format Version 12.00
# Visual Studio 15
VisualStudioVersion = 15.0.28307.421
MinimumVisualStudioVersion = 10.0.40219.1
Project("{8BC9CEB8-8B4A-11D0-8D11-00A0C91BC942}") = "Class6", "Class6\Class6.vcxproj", "{D59B82BC-1739-4EC2-ABAA-AB20D8265729}"
EndProject
Global
	GlobalSection(SolutionConfigurationPlatforms) = preSolution
		Debug|x64 = Debug|x64
		Debug|x86 = Debug|x86
		Release|x64 = Release|x64
		Release|x86 = Release|x86
	EndGlobalSection
	GlobalSection(ProjectConfigurationPlatforms) = postSolution
		{D59B82BC-1739-4EC2-ABAA-AB20D8265729}.Debug|x64.ActiveCfg = Debug|x64
		{D59B82BC-1739-4EC2-ABAA-AB20D8265729}.Debug|x64.Build.0 = Debug|x64
		{D59B82BC-1739-4EC2-ABAA-AB20D8265729}.Debug|x86.ActiveCfg = Debug|Win32
		{D59B82BC-1739-4EC2-ABAA-AB20D8265729}.Debug|x86.Build.0 = Debug|Win32
		{D59B82BC-1739-4EC2-ABAA-AB20D8265729}.Release|x64.ActiveCfg = Release|x64
		{D59B82BC-1739-4EC2-ABAA-AB20D8265729}.Release|x64.Build.0 = Release|x64
		{D59B82BC-1739-4EC2-ABAA-AB20D8265729}.Release|x86.ActiveCfg = Release|Win32
		{D59B82BC-1739-4EC2-ABAA-AB20D8265729}.Release|x86.Build.0 = Release|Win32
	EndGlobalSection
	GlobalSection(SolutionProperties) = preSolution
		HideSolutionNode = FALSE
	EndGlobalSection
	GlobalSection(ExtensibilityGlobals) = postSolution
		SolutionGuid = {26BF7EC1-F861-40D6-9B4B-F12713925BB6}
	EndGlobalSection
EndGlobal
